
Microsoft Visual Studio Solution File, Format Version 11.00
# Visual Studio 2010
Project("{FAE04EC0-301F-11D3-BF4B-00C04F79EFBC}") = "AM3-MediaTransformation", "Assembly-CSharp.csproj", "{0619CB53-2C73-B6CC-3C0E-FE5B08BBF1D2}"
EndProject
Project("{FAE04EC0-301F-11D3-BF4B-00C04F79EFBC}") = "AM3-MediaTransformation", "Assembly-CSharp-Editor.csproj", "{D8B68CDE-7016-51CC-E251-6A587B65C5C1}"
EndProject
Global
	GlobalSection(SolutionConfigurationPlatforms) = preSolution
		Debug|Any CPU = Debug|Any CPU
		Release|Any CPU = Release|Any CPU
	EndGlobalSection
	GlobalSection(ProjectConfigurationPlatforms) = postSolution
		{0619CB53-2C73-B6CC-3C0E-FE5B08BBF1D2}.Debug|Any CPU.ActiveCfg = Debug|Any CPU
		{0619CB53-2C73-B6CC-3C0E-FE5B08BBF1D2}.Debug|Any CPU.Build.0 = Debug|Any CPU
		{0619CB53-2C73-B6CC-3C0E-FE5B08BBF1D2}.Release|Any CPU.ActiveCfg = Release|Any CPU
		{0619CB53-2C73-B6CC-3C0E-FE5B08BBF1D2}.Release|Any CPU.Build.0 = Release|Any CPU
		{D8B68CDE-7016-51CC-E251-6A587B65C5C1}.Debug|Any CPU.ActiveCfg = Debug|Any CPU
		{D8B68CDE-7016-51CC-E251-6A587B65C5C1}.Debug|Any CPU.Build.0 = Debug|Any CPU
		{D8B68CDE-7016-51CC-E251-6A587B65C5C1}.Release|Any CPU.ActiveCfg = Release|Any CPU
		{D8B68CDE-7016-51CC-E251-6A587B65C5C1}.Release|Any CPU.Build.0 = Release|Any CPU
	EndGlobalSection
	GlobalSection(SolutionProperties) = preSolution
		HideSolutionNode = FALSE
	EndGlobalSection
	GlobalSection(MonoDevelopProperties) = preSolution
		StartupItem = Assembly-CSharp.csproj
	EndGlobalSection
EndGlobal
