
Microsoft Visual Studio Solution File, Format Version 11.00
# Visual Studio 2010
Project("{FAE04EC0-301F-11D3-BF4B-00C04F79EFBC}") = "VR_Room", "Assembly-CSharp.csproj", "{1A158C49-FED4-6C14-50AB-93FF51F28D14}"
EndProject
Project("{FAE04EC0-301F-11D3-BF4B-00C04F79EFBC}") = "VR_Room", "Assembly-CSharp-Editor.csproj", "{DCD1435A-3FA4-7F99-1541-7734E8F418EF}"
EndProject
Global
	GlobalSection(SolutionConfigurationPlatforms) = preSolution
		Debug|Any CPU = Debug|Any CPU
		Release|Any CPU = Release|Any CPU
	EndGlobalSection
	GlobalSection(ProjectConfigurationPlatforms) = postSolution
		{1A158C49-FED4-6C14-50AB-93FF51F28D14}.Debug|Any CPU.ActiveCfg = Debug|Any CPU
		{1A158C49-FED4-6C14-50AB-93FF51F28D14}.Debug|Any CPU.Build.0 = Debug|Any CPU
		{1A158C49-FED4-6C14-50AB-93FF51F28D14}.Release|Any CPU.ActiveCfg = Release|Any CPU
		{1A158C49-FED4-6C14-50AB-93FF51F28D14}.Release|Any CPU.Build.0 = Release|Any CPU
		{DCD1435A-3FA4-7F99-1541-7734E8F418EF}.Debug|Any CPU.ActiveCfg = Debug|Any CPU
		{DCD1435A-3FA4-7F99-1541-7734E8F418EF}.Debug|Any CPU.Build.0 = Debug|Any CPU
		{DCD1435A-3FA4-7F99-1541-7734E8F418EF}.Release|Any CPU.ActiveCfg = Release|Any CPU
		{DCD1435A-3FA4-7F99-1541-7734E8F418EF}.Release|Any CPU.Build.0 = Release|Any CPU
	EndGlobalSection
	GlobalSection(SolutionProperties) = preSolution
		HideSolutionNode = FALSE
	EndGlobalSection
	GlobalSection(MonoDevelopProperties) = preSolution
		StartupItem = Assembly-CSharp.csproj
	EndGlobalSection
EndGlobal
